
Microsoft Visual Studio Solution File, Format Version 12.00
# Visual Studio Version 16
VisualStudioVersion = 16.0.30011.22
MinimumVisualStudioVersion = 10.0.40219.1
Project("{9A19103F-16F7-4668-BE54-9A1E7A4F7556}") = "Lab2_V2_UI", "Lab1_V2\Lab2_V2_UI.csproj", "{3E5678D0-0785-4E1A-8327-1236018F8495}"
EndProject
Project("{9A19103F-16F7-4668-BE54-9A1E7A4F7556}") = "V2MainCollection", "V2MainCollection\V2MainCollection.csproj", "{56EFA100-961C-4AEA-BBF2-6932888D9036}"
EndProject
Global
	GlobalSection(SolutionConfigurationPlatforms) = preSolution
		Debug|Any CPU = Debug|Any CPU
		Release|Any CPU = Release|Any CPU
	EndGlobalSection
	GlobalSection(ProjectConfigurationPlatforms) = postSolution
		{3E5678D0-0785-4E1A-8327-1236018F8495}.Debug|Any CPU.ActiveCfg = Debug|Any CPU
		{3E5678D0-0785-4E1A-8327-1236018F8495}.Debug|Any CPU.Build.0 = Debug|Any CPU
		{3E5678D0-0785-4E1A-8327-1236018F8495}.Release|Any CPU.ActiveCfg = Release|Any CPU
		{3E5678D0-0785-4E1A-8327-1236018F8495}.Release|Any CPU.Build.0 = Release|Any CPU
		{56EFA100-961C-4AEA-BBF2-6932888D9036}.Debug|Any CPU.ActiveCfg = Debug|Any CPU
		{56EFA100-961C-4AEA-BBF2-6932888D9036}.Debug|Any CPU.Build.0 = Debug|Any CPU
		{56EFA100-961C-4AEA-BBF2-6932888D9036}.Release|Any CPU.ActiveCfg = Release|Any CPU
		{56EFA100-961C-4AEA-BBF2-6932888D9036}.Release|Any CPU.Build.0 = Release|Any CPU
	EndGlobalSection
	GlobalSection(SolutionProperties) = preSolution
		HideSolutionNode = FALSE
	EndGlobalSection
	GlobalSection(ExtensibilityGlobals) = postSolution
		SolutionGuid = {C4B511FD-1518-4B8F-9066-8B9666B09D44}
	EndGlobalSection
EndGlobal
